# THIS IS AN AUTOGENERATED FILE. DO NOT EDIT THIS FILE DIRECTLY.
# yarn lockfile v1


"@types/showdown@^1.9.3":
  version "1.9.3"
  resolved "https://registry.yarnpkg.com/@types/showdown/-/showdown-1.9.3.tgz#eaa881b03a32d3720184731754d3025fc450b970"
  integrity sha512-akvzSmrvY4J5d3tHzUUiQr0xpjd4Nb3uzWW6dtwzYJ+qW/KdWw5F8NLatnor5q/1LURHnzDA1ReEwCVqcatRnw==
