# THIS IS AN AUTOGENERATED FILE. DO NOT EDIT THIS FILE DIRECTLY.
# yarn lockfile v1


"@types/showdown@^1.9.4":
  version "1.9.4"
  resolved "https://registry.yarnpkg.com/@types/showdown/-/showdown-1.9.4.tgz#5385adf34143abad9309561661fa6c781d2ab962"
  integrity sha512-50ehC3IAijfkvoNqmQ+VL73S7orOxmAK8ljQAFBv8o7G66lAZyxQj1L3BAv2dD86myLXI+sgKP1kcxAaxW356w==
